
Microsoft Visual Studio Solution File, Format Version 12.00
# Visual Studio Version 16
VisualStudioVersion = 16.0.30804.86
MinimumVisualStudioVersion = 10.0.40219.1
Project("{9A19103F-16F7-4668-BE54-9A1E7A4F7556}") = "attaccoverlay", "attaccoverlay.csproj", "{D53BC8AC-8442-4CEA-8C7A-D1A19144728D}"
EndProject
Project("{9A19103F-16F7-4668-BE54-9A1E7A4F7556}") = "SessionHandler", "..\SessionHandler\SessionHandler.csproj", "{140DB8DB-8FE8-4787-8532-EA6F0619549D}"
EndProject
Global
	GlobalSection(SolutionConfigurationPlatforms) = preSolution
		Debug|Any CPU = Debug|Any CPU
		Release|Any CPU = Release|Any CPU
	EndGlobalSection
	GlobalSection(ProjectConfigurationPlatforms) = postSolution
		{D53BC8AC-8442-4CEA-8C7A-D1A19144728D}.Debug|Any CPU.ActiveCfg = Debug|Any CPU
		{D53BC8AC-8442-4CEA-8C7A-D1A19144728D}.Debug|Any CPU.Build.0 = Debug|Any CPU
		{D53BC8AC-8442-4CEA-8C7A-D1A19144728D}.Release|Any CPU.ActiveCfg = Release|Any CPU
		{D53BC8AC-8442-4CEA-8C7A-D1A19144728D}.Release|Any CPU.Build.0 = Release|Any CPU
		{140DB8DB-8FE8-4787-8532-EA6F0619549D}.Debug|Any CPU.ActiveCfg = Debug|Any CPU
		{140DB8DB-8FE8-4787-8532-EA6F0619549D}.Debug|Any CPU.Build.0 = Debug|Any CPU
		{140DB8DB-8FE8-4787-8532-EA6F0619549D}.Release|Any CPU.ActiveCfg = Release|Any CPU
		{140DB8DB-8FE8-4787-8532-EA6F0619549D}.Release|Any CPU.Build.0 = Release|Any CPU
	EndGlobalSection
	GlobalSection(SolutionProperties) = preSolution
		HideSolutionNode = FALSE
	EndGlobalSection
	GlobalSection(ExtensibilityGlobals) = postSolution
		SolutionGuid = {21E0A277-29F1-4240-B163-C30927674D99}
	EndGlobalSection
EndGlobal
