
Microsoft Visual Studio Solution File, Format Version 12.00
# Visual Studio Version 16
VisualStudioVersion = 16.0.30804.86
MinimumVisualStudioVersion = 10.0.40219.1
Project("{9A19103F-16F7-4668-BE54-9A1E7A4F7556}") = "attaccoverlay", "attaccoverlay.csproj", "{D53BC8AC-8442-4CEA-8C7A-D1A19144728D}"
	ProjectSection(ProjectDependencies) = postProject
		{68B038D0-46D7-4D80-BB18-50F407D65A64} = {68B038D0-46D7-4D80-BB18-50F407D65A64}
	EndProjectSection
EndProject
Project("{9A19103F-16F7-4668-BE54-9A1E7A4F7556}") = "SessionHandler", "..\SessionHandler\SessionHandler.csproj", "{68B038D0-46D7-4D80-BB18-50F407D65A64}"
EndProject
Global
	GlobalSection(SolutionConfigurationPlatforms) = preSolution
		Debug|Any CPU = Debug|Any CPU
		Release|Any CPU = Release|Any CPU
	EndGlobalSection
	GlobalSection(ProjectConfigurationPlatforms) = postSolution
		{D53BC8AC-8442-4CEA-8C7A-D1A19144728D}.Debug|Any CPU.ActiveCfg = Debug|Any CPU
		{D53BC8AC-8442-4CEA-8C7A-D1A19144728D}.Debug|Any CPU.Build.0 = Debug|Any CPU
		{D53BC8AC-8442-4CEA-8C7A-D1A19144728D}.Release|Any CPU.ActiveCfg = Release|Any CPU
		{D53BC8AC-8442-4CEA-8C7A-D1A19144728D}.Release|Any CPU.Build.0 = Release|Any CPU
		{68B038D0-46D7-4D80-BB18-50F407D65A64}.Debug|Any CPU.ActiveCfg = Debug|Any CPU
		{68B038D0-46D7-4D80-BB18-50F407D65A64}.Debug|Any CPU.Build.0 = Debug|Any CPU
		{68B038D0-46D7-4D80-BB18-50F407D65A64}.Release|Any CPU.ActiveCfg = Release|Any CPU
		{68B038D0-46D7-4D80-BB18-50F407D65A64}.Release|Any CPU.Build.0 = Release|Any CPU
	EndGlobalSection
	GlobalSection(SolutionProperties) = preSolution
		HideSolutionNode = FALSE
	EndGlobalSection
	GlobalSection(ExtensibilityGlobals) = postSolution
		SolutionGuid = {21E0A277-29F1-4240-B163-C30927674D99}
	EndGlobalSection
EndGlobal
